PODS:
  - CRToast (0.0.7)
  - VCLReachability (1.0.2)

DEPENDENCIES:
  - CRToast (~> 0.0.6)
  - VCLReachability (from `../`)

EXTERNAL SOURCES:
  VCLReachability:
    :path: ../

SPEC CHECKSUMS:
  CRToast: f9f2c4b29776d68ba24c4d621cba59a83fea921b
  VCLReachability: ee19526014c7b1e63f7c0406bb6ab0c880ba8502

COCOAPODS: 0.33.0
